# THIS IS AN AUTOGENERATED FILE. DO NOT EDIT THIS FILE DIRECTLY.
# yarn lockfile v1


asynckit@^0.4.0:
  version "0.4.0"
  resolved "https://registry.yarnpkg.com/asynckit/-/asynckit-0.4.0.tgz#c79ed97f7f34cb8f2ba1bc9790bcc366474b4b79"
  integrity sha512-Oei9OH4tRh0YqU3GxhX79dM/mwVgvbZJaSNaRk+bshkj0S5cfHcgYakreBjrHwatXKbz+IoIdYLxrKim2MjW0Q==

axios@^1.6.0:
  version "1.6.2"
  resolved "https://registry.yarnpkg.com/axios/-/axios-1.6.2.tgz#de67d42c755b571d3e698df1b6504cde9b0ee9f2"
  integrity sha512-7i24Ri4pmDRfJTR7LDBhsOTtcm+9kjX5WiY1X3wIisx6G9So3pfMkEiU7emUBe46oceVImccTEM3k6C5dbVW8A==
  dependencies:
    follow-redirects "^1.15.0"
    form-data "^4.0.0"
    proxy-from-env "^1.1.0"

classnames@^2.2.5:
  version "2.3.2"
  resolved "https://registry.yarnpkg.com/classnames/-/classnames-2.3.2.tgz#351d813bf0137fcc6a76a16b88208d2560a0d924"
  integrity sha512-CSbhY4cFEJRe6/GQzIk5qXZ4Jeg5pcsP7b5peFSDpffpe1cqjASH/n9UTjBwOp6XpMSTwQ8Za2K5V02ueA7Tmw==

combined-stream@^1.0.8:
  version "1.0.8"
  resolved "https://registry.yarnpkg.com/combined-stream/-/combined-stream-1.0.8.tgz#c3d45a8b34fd730631a110a8a2520682b31d5a7f"
  integrity sha512-FQN4MRfuJeHf7cBbBMJFXhKSDq+2kAArBlmRBvcvFE5BB1HZKXtSFASDhdlz9zOYwxh8lDdnvmMOe/+5cdoEdg==
  dependencies:
    delayed-stream "~1.0.0"

delayed-stream@~1.0.0:
  version "1.0.0"
  resolved "https://registry.yarnpkg.com/delayed-stream/-/delayed-stream-1.0.0.tgz#df3ae199acadfb7d440aaae0b29e2272b24ec619"
  integrity sha512-ZySD7Nf91aLB0RxL4KGrKHBXl7Eds1DAmEdcoVawXnLD7SDhpNgtuII2aAkg7a7QS41jxPSZ17p4VdGnMHk3MQ==

enquire.js@^2.1.6:
  version "2.1.6"
  resolved "https://registry.yarnpkg.com/enquire.js/-/enquire.js-2.1.6.tgz#3e8780c9b8b835084c3f60e166dbc3c2a3c89814"
  integrity sha512-/KujNpO+PT63F7Hlpu4h3pE3TokKRHN26JYmQpPyjkRD/N57R7bPDNojMXdi7uveAKjYB7yQnartCxZnFWr0Xw==

follow-redirects@^1.15.0:
  version "1.15.3"
  resolved "https://registry.yarnpkg.com/follow-redirects/-/follow-redirects-1.15.3.tgz#fe2f3ef2690afce7e82ed0b44db08165b207123a"
  integrity sha512-1VzOtuEM8pC9SFU1E+8KfTjZyMztRsgEfwQl44z8A25uy13jSzTj6dyK2Df52iV0vgHCfBwLhDWevLn95w5v6Q==

form-data@^4.0.0:
  version "4.0.0"
  resolved "https://registry.yarnpkg.com/form-data/-/form-data-4.0.0.tgz#93919daeaf361ee529584b9b31664dc12c9fa452"
  integrity sha512-ETEklSGi5t0QMZuiXoA/Q6vcnxcLQP5vdugSpuAyi6SVGi2clPPp+xgEhuMaHC+zGgn31Kd235W35f7Hykkaww==
  dependencies:
    asynckit "^0.4.0"
    combined-stream "^1.0.8"
    mime-types "^2.1.12"

json2mq@^0.2.0:
  version "0.2.0"
  resolved "https://registry.yarnpkg.com/json2mq/-/json2mq-0.2.0.tgz#b637bd3ba9eabe122c83e9720483aeb10d2c904a"
  integrity sha512-SzoRg7ux5DWTII9J2qkrZrqV1gt+rTaoufMxEzXbS26Uid0NwaJd123HcoB80TgubEppxxIGdNxCx50fEoEWQA==
  dependencies:
    string-convert "^0.2.0"

lodash.debounce@^4.0.8:
  version "4.0.8"
  resolved "https://registry.yarnpkg.com/lodash.debounce/-/lodash.debounce-4.0.8.tgz#82d79bff30a67c4005ffd5e2515300ad9ca4d7af"
  integrity sha512-FT1yDzDYEoYWhnSGnpE/4Kj1fLZkDFyqRb7fNt6FdYOSxlUWAtp42Eh6Wb0rGIv/m9Bgo7x4GhQbm5Ys4SG5ow==

mime-db@1.52.0:
  version "1.52.0"
  resolved "https://registry.yarnpkg.com/mime-db/-/mime-db-1.52.0.tgz#bbabcdc02859f4987301c856e3387ce5ec43bf70"
  integrity sha512-sPU4uV7dYlvtWJxwwxHD0PuihVNiE7TyAbQ5SWxDCB9mUYvOgroQOwYQQOKPJ8CIbE+1ETVlOoK1UC2nU3gYvg==

mime-types@^2.1.12:
  version "2.1.35"
  resolved "https://registry.yarnpkg.com/mime-types/-/mime-types-2.1.35.tgz#381a871b62a734450660ae3deee44813f70d959a"
  integrity sha512-ZDY+bPm5zTTF+YpCrAU9nK0UgICYPT0QtT1NZWFv4s++TNkcgVaT0g6+4R2uI4MjQjzysHB1zxuWL50hzaeXiw==
  dependencies:
    mime-db "1.52.0"

proxy-from-env@^1.1.0:
  version "1.1.0"
  resolved "https://registry.yarnpkg.com/proxy-from-env/-/proxy-from-env-1.1.0.tgz#e102f16ca355424865755d2c9e8ea4f24d58c3e2"
  integrity sha512-D+zkORCbA9f1tdWRK0RaCR3GPv50cMxcrz4X8k5LTSUD1Dkw47mKJEZQNunItRTkWwgtaUSo1RVFRIG9ZXiFYg==

react-slick@^0.29.0:
  version "0.29.0"
  resolved "https://registry.yarnpkg.com/react-slick/-/react-slick-0.29.0.tgz#0bed5ea42bf75a23d40c0259b828ed27627b51bb"
  integrity sha512-TGdOKE+ZkJHHeC4aaoH85m8RnFyWqdqRfAGkhd6dirmATXMZWAxOpTLmw2Ll/jPTQ3eEG7ercFr/sbzdeYCJXA==
  dependencies:
    classnames "^2.2.5"
    enquire.js "^2.1.6"
    json2mq "^0.2.0"
    lodash.debounce "^4.0.8"
    resize-observer-polyfill "^1.5.0"

resize-observer-polyfill@^1.5.0:
  version "1.5.1"
  resolved "https://registry.yarnpkg.com/resize-observer-polyfill/-/resize-observer-polyfill-1.5.1.tgz#0e9020dd3d21024458d4ebd27e23e40269810464"
  integrity sha512-LwZrotdHOo12nQuZlHEmtuXdqGoOD0OhaxopaNFxWzInpEgaLWoVuAMbTzixuosCx2nEG58ngzW3vxdWoxIgdg==

slick-carousel@^1.8.1:
  version "1.8.1"
  resolved "https://registry.yarnpkg.com/slick-carousel/-/slick-carousel-1.8.1.tgz#a4bfb29014887bb66ce528b90bd0cda262cc8f8d"
  integrity sha512-XB9Ftrf2EEKfzoQXt3Nitrt/IPbT+f1fgqBdoxO3W/+JYvtEOW6EgxnWfr9GH6nmULv7Y2tPmEX3koxThVmebA==

string-convert@^0.2.0:
  version "0.2.1"
  resolved "https://registry.yarnpkg.com/string-convert/-/string-convert-0.2.1.tgz#6982cc3049fbb4cd85f8b24568b9d9bf39eeff97"
  integrity sha512-u/1tdPl4yQnPBjnVrmdLo9gtuLvELKsAoRapekWggdiQNvvvum+jYF329d84NAa660KQw7pB2n36KrIKVoXa3A==

"vtex.add-to-cart-button@http://vtex.vtexassets.com/_v/public/typings/v1/vtex.add-to-cart-button@0.30.2/public/@types/vtex.add-to-cart-button":
  version "0.30.2"
  resolved "http://vtex.vtexassets.com/_v/public/typings/v1/vtex.add-to-cart-button@0.30.2/public/@types/vtex.add-to-cart-button#460e38a0fca759d2eba382ebe6cd92d6c645b0b6"

"vtex.breadcrumb@http://vtex.vtexassets.com/_v/public/typings/v1/vtex.breadcrumb@1.9.4/public/@types/vtex.breadcrumb":
  version "1.9.4"
  resolved "http://vtex.vtexassets.com/_v/public/typings/v1/vtex.breadcrumb@1.9.4/public/@types/vtex.breadcrumb#624d6ddbd839bccd2b08e10f0f5f4a0509de834b"

"vtex.checkout-resources@http://vtex.vtexassets.com/_v/public/typings/v1/vtex.checkout-resources@0.49.0/public/@types/vtex.checkout-resources":
  version "0.49.0"
  resolved "http://vtex.vtexassets.com/_v/public/typings/v1/vtex.checkout-resources@0.49.0/public/@types/vtex.checkout-resources#a7d7620fce143e5dc7a9075ce2fc74727ab132c4"

"vtex.checkout-summary@http://vtex.vtexassets.com/_v/public/typings/v1/vtex.checkout-summary@0.22.0/public/@types/vtex.checkout-summary":
  version "0.22.0"
  resolved "http://vtex.vtexassets.com/_v/public/typings/v1/vtex.checkout-summary@0.22.0/public/@types/vtex.checkout-summary#c6d3dbd76be90cd18c4a6e03a00284dc4f12f352"

"vtex.css-handles@http://vtex.vtexassets.com/_v/public/typings/v1/vtex.css-handles@0.4.4/public/@types/vtex.css-handles":
  version "0.4.4"
  resolved "http://vtex.vtexassets.com/_v/public/typings/v1/vtex.css-handles@0.4.4/public/@types/vtex.css-handles#8c45c6decf9acd2b944e07261686decff93d6422"

"vtex.disclosure-layout@http://vtex.vtexassets.com/_v/public/typings/v1/vtex.disclosure-layout@1.0.3/public/@types/vtex.disclosure-layout":
  version "1.0.3"
  resolved "http://vtex.vtexassets.com/_v/public/typings/v1/vtex.disclosure-layout@1.0.3/public/@types/vtex.disclosure-layout#15590cd6a3f23e5a7591d76ad1a44b5c0c6a088a"

"vtex.flex-layout@http://vtex.vtexassets.com/_v/public/typings/v1/vtex.flex-layout@0.21.3/public/@types/vtex.flex-layout":
  version "0.21.3"
  resolved "http://vtex.vtexassets.com/_v/public/typings/v1/vtex.flex-layout@0.21.3/public/@types/vtex.flex-layout#407f0e310545ff006f08afb35f5d38ace4546435"

"vtex.locale-switcher@http://vtex.vtexassets.com/_v/public/typings/v1/vtex.locale-switcher@0.5.6/public/@types/vtex.locale-switcher":
  version "0.5.6"
  resolved "http://vtex.vtexassets.com/_v/public/typings/v1/vtex.locale-switcher@0.5.6/public/@types/vtex.locale-switcher#5db8558af5593d65e4fff3da0903d0081dfcab42"

"vtex.login@http://vtex.vtexassets.com/_v/public/typings/v1/vtex.login@2.57.3/public/@types/vtex.login":
  version "2.57.3"
  resolved "http://vtex.vtexassets.com/_v/public/typings/v1/vtex.login@2.57.3/public/@types/vtex.login#322d553873f094187ba31fda90ef93fcd68ffe6e"

"vtex.menu@http://vtex.vtexassets.com/_v/public/typings/v1/vtex.menu@2.35.1/public/@types/vtex.menu":
  version "2.35.1"
  resolved "http://vtex.vtexassets.com/_v/public/typings/v1/vtex.menu@2.35.1/public/@types/vtex.menu#4f3c5748c116a441904efca1fde31a95415a4808"

"vtex.minicart@http://vtex.vtexassets.com/_v/public/typings/v1/vtex.minicart@2.67.1/public/@types/vtex.minicart":
  version "2.67.1"
  resolved "http://vtex.vtexassets.com/_v/public/typings/v1/vtex.minicart@2.67.1/public/@types/vtex.minicart#d0c160a87d987c8a2a48890bb76f28b17ba7c0db"

"vtex.modal-layout@http://vtex.vtexassets.com/_v/public/typings/v1/vtex.modal-layout@0.14.1/public/@types/vtex.modal-layout":
  version "0.14.1"
  resolved "http://vtex.vtexassets.com/_v/public/typings/v1/vtex.modal-layout@0.14.1/public/@types/vtex.modal-layout#c25eaff0dc7ecdc1021f4d00e354b9e23749c6f4"

"vtex.my-account@http://vtex.vtexassets.com/_v/public/typings/v1/vtex.my-account@1.27.0/public/@types/vtex.my-account":
  version "1.27.0"
  resolved "http://vtex.vtexassets.com/_v/public/typings/v1/vtex.my-account@1.27.0/public/@types/vtex.my-account#a0d6dc12364422b9e649aa1e4da4b2756453fdfe"

"vtex.native-types@http://vtex.vtexassets.com/_v/public/typings/v1/vtex.native-types@0.10.1/public/@types/vtex.native-types":
  version "0.10.1"
  resolved "http://vtex.vtexassets.com/_v/public/typings/v1/vtex.native-types@0.10.1/public/@types/vtex.native-types#7ddf7f34265f8902dfad93d3a13021108023a584"

"vtex.order-items@http://vtex.vtexassets.com/_v/public/typings/v1/vtex.order-items@0.13.23/public/@types/vtex.order-items":
  version "0.13.23"
  resolved "http://vtex.vtexassets.com/_v/public/typings/v1/vtex.order-items@0.13.23/public/@types/vtex.order-items#282f1dffe38cfb96ad1c225ebb252bfa0e5b1912"

"vtex.order-manager@http://vtex.vtexassets.com/_v/public/typings/v1/vtex.order-manager@0.12.0/public/@types/vtex.order-manager":
  version "0.12.0"
  resolved "http://vtex.vtexassets.com/_v/public/typings/v1/vtex.order-manager@0.12.0/public/@types/vtex.order-manager#2cf6a9d2a31bc503b783c257695b0d17c09b5696"

"vtex.pixel-manager@http://vtex.vtexassets.com/_v/public/typings/v1/vtex.pixel-manager@1.9.0/public/@types/vtex.pixel-manager":
  version "1.9.0"
  resolved "http://vtex.vtexassets.com/_v/public/typings/v1/vtex.pixel-manager@1.9.0/public/@types/vtex.pixel-manager#eb61e263c4f8024430ef1a19d28bcf608db3d481"

"vtex.product-context@http://vtex.vtexassets.com/_v/public/typings/v1/vtex.product-context@0.10.0/public/@types/vtex.product-context":
  version "0.10.0"
  resolved "http://vtex.vtexassets.com/_v/public/typings/v1/vtex.product-context@0.10.0/public/@types/vtex.product-context#c5e2a97b404004681ee12f4fff7e6b62157786cc"

"vtex.product-list-context@http://vtex.vtexassets.com/_v/public/typings/v1/vtex.product-list-context@0.4.1/public/@types/vtex.product-list-context":
  version "0.4.1"
  resolved "http://vtex.vtexassets.com/_v/public/typings/v1/vtex.product-list-context@0.4.1/public/@types/vtex.product-list-context#e17348f7c5a4b6d543da1ce8858a726cb6d72fae"

"vtex.product-list@http://vtex.vtexassets.com/_v/public/typings/v1/vtex.product-list@0.37.1/public/@types/vtex.product-list":
  version "0.37.1"
  resolved "http://vtex.vtexassets.com/_v/public/typings/v1/vtex.product-list@0.37.1/public/@types/vtex.product-list#9b4faad9194f5aa2a74e3848eb560b11c5b98513"

"vtex.product-price@http://vtex.vtexassets.com/_v/public/typings/v1/vtex.product-price@1.31.0/public/@types/vtex.product-price":
  version "1.31.0"
  resolved "http://vtex.vtexassets.com/_v/public/typings/v1/vtex.product-price@1.31.0/public/@types/vtex.product-price#d3b0672704ea7ed104d86edbef282708381d5347"

"vtex.product-quantity@http://vtex.vtexassets.com/_v/public/typings/v1/vtex.product-quantity@1.9.0/public/@types/vtex.product-quantity":
  version "1.9.0"
  resolved "http://vtex.vtexassets.com/_v/public/typings/v1/vtex.product-quantity@1.9.0/public/@types/vtex.product-quantity#686536c85e0bf7af98f803dc4385f959c181bb07"

"vtex.product-review-interfaces@http://vtex.vtexassets.com/_v/public/typings/v1/vtex.product-review-interfaces@1.0.2/public/_types/react":
  version "1.0.2"
  resolved "http://vtex.vtexassets.com/_v/public/typings/v1/vtex.product-review-interfaces@1.0.2/public/_types/react#84d1997cdae079d1401611f3d4a4619ed914673f"

"vtex.product-specification-badges@http://vtex.vtexassets.com/_v/public/typings/v1/vtex.product-specification-badges@0.3.0/public/@types/vtex.product-specification-badges":
  version "0.3.0"
  resolved "http://vtex.vtexassets.com/_v/public/typings/v1/vtex.product-specification-badges@0.3.0/public/@types/vtex.product-specification-badges#2df6b189acfabf642504df02d7b8ad406ee90c07"

"vtex.product-summary@http://vtex.vtexassets.com/_v/public/typings/v1/vtex.product-summary@2.87.0/public/@types/vtex.product-summary":
  version "2.87.0"
  resolved "http://vtex.vtexassets.com/_v/public/typings/v1/vtex.product-summary@2.87.0/public/@types/vtex.product-summary#e0e58da094d5851e020782b1e1791425361350b3"

"vtex.render-runtime@http://vtex.vtexassets.com/_v/public/typings/v1/vtex.render-runtime@8.134.2/public/@types/vtex.render-runtime":
  version "8.134.2"
  resolved "http://vtex.vtexassets.com/_v/public/typings/v1/vtex.render-runtime@8.134.2/public/@types/vtex.render-runtime#ae69e2b2a471291c6c6b155e17510150fbfc2d0e"

"vtex.responsive-layout@http://vtex.vtexassets.com/_v/public/typings/v1/vtex.responsive-layout@0.1.4/public/@types/vtex.responsive-layout":
  version "0.1.4"
  resolved "http://vtex.vtexassets.com/_v/public/typings/v1/vtex.responsive-layout@0.1.4/public/@types/vtex.responsive-layout#e67d61ec1e308accb4e0ef2bd172fe04a41bf662"

"vtex.rich-text@http://vtex.vtexassets.com/_v/public/typings/v1/vtex.rich-text@0.16.0/public/@types/vtex.rich-text":
  version "0.16.0"
  resolved "http://vtex.vtexassets.com/_v/public/typings/v1/vtex.rich-text@0.16.0/public/@types/vtex.rich-text#0cdcaccffb37ae0d025894ba7055f69bc3c9aa30"

"vtex.search-graphql@http://vtex.vtexassets.com/_v/public/typings/v1/vtex.search-graphql@0.57.0/public/@types/vtex.search-graphql":
  version "0.57.0"
  resolved "http://vtex.vtexassets.com/_v/public/typings/v1/vtex.search-graphql@0.57.0/public/@types/vtex.search-graphql#c7ed352e8d3d94f9caa212c631b28fc715391f91"

"vtex.search-page-context@http://vtex.vtexassets.com/_v/public/typings/v1/vtex.search-page-context@0.2.0/public/@types/vtex.search-page-context":
  version "0.2.0"
  resolved "http://vtex.vtexassets.com/_v/public/typings/v1/vtex.search-page-context@0.2.0/public/@types/vtex.search-page-context#1b37f20648d8e4ff062ae9fffb0aa2718f172af7"

"vtex.search-result@http://vtex.vtexassets.com/_v/public/typings/v1/vtex.search-result@3.128.0/public/@types/vtex.search-result":
  version "3.128.0"
  resolved "http://vtex.vtexassets.com/_v/public/typings/v1/vtex.search-result@3.128.0/public/@types/vtex.search-result#2c104eab84658f699c3d135230c7fd50357aabe6"

"vtex.shelf@http://vtex.vtexassets.com/_v/public/typings/v1/vtex.shelf@1.47.3/public/@types/vtex.shelf":
  version "1.47.3"
  resolved "http://vtex.vtexassets.com/_v/public/typings/v1/vtex.shelf@1.47.3/public/@types/vtex.shelf#afccd7cc6bf2c23d007306062b7413f46b25cbc8"

"vtex.slider-layout@http://vtex.vtexassets.com/_v/public/typings/v1/vtex.slider-layout@0.24.3/public/@types/vtex.slider-layout":
  version "0.24.3"
  resolved "http://vtex.vtexassets.com/_v/public/typings/v1/vtex.slider-layout@0.24.3/public/@types/vtex.slider-layout#348a0695ada3d49e4bd56e58a2bc919b0baa05cb"

"vtex.slider@http://vtex.vtexassets.com/_v/public/typings/v1/vtex.slider@0.8.3/public/@types/vtex.slider":
  version "0.8.3"
  resolved "http://vtex.vtexassets.com/_v/public/typings/v1/vtex.slider@0.8.3/public/@types/vtex.slider#9b7be08012a5d3ec41fdc651235a964cb5f7db85"

"vtex.stack-layout@http://vtex.vtexassets.com/_v/public/typings/v1/vtex.stack-layout@0.1.0/public/@types/vtex.stack-layout":
  version "0.1.0"
  resolved "http://vtex.vtexassets.com/_v/public/typings/v1/vtex.stack-layout@0.1.0/public/@types/vtex.stack-layout#79bcd9f70b4b6926b85686be14879a3b90d52c63"

"vtex.store-components@http://vtex.vtexassets.com/_v/public/typings/v1/vtex.store-components@3.170.0/public/@types/vtex.store-components":
  version "3.170.0"
  resolved "http://vtex.vtexassets.com/_v/public/typings/v1/vtex.store-components@3.170.0/public/@types/vtex.store-components#1f5673bc0b974862ed0a0c0e61cefefff1d472c6"

"vtex.store-drawer@http://vtex.vtexassets.com/_v/public/typings/v1/vtex.store-drawer@0.16.3/public/@types/vtex.store-drawer":
  version "0.16.3"
  resolved "http://vtex.vtexassets.com/_v/public/typings/v1/vtex.store-drawer@0.16.3/public/@types/vtex.store-drawer#c9fc58f76b5fa7a1c6ce35acc371448b262b1450"

"vtex.store-footer@http://vtex.vtexassets.com/_v/public/typings/v1/vtex.store-footer@2.27.0/public/@types/vtex.store-footer":
  version "2.27.0"
  resolved "http://vtex.vtexassets.com/_v/public/typings/v1/vtex.store-footer@2.27.0/public/@types/vtex.store-footer#81c4e23689a6d4e97d6b8b8de930f76c7dfdcbd9"

"vtex.store-header@http://vtex.vtexassets.com/_v/public/typings/v1/vtex.store-header@2.29.0/public/@types/vtex.store-header":
  version "2.29.0"
  resolved "http://vtex.vtexassets.com/_v/public/typings/v1/vtex.store-header@2.29.0/public/@types/vtex.store-header#702033f782c6c25ae2fed42b5a3703db5fd1ac87"

"vtex.store-icons@http://vtex.vtexassets.com/_v/public/typings/v1/vtex.store-icons@0.18.0/public/@types/vtex.store-icons":
  version "0.18.0"
  resolved "http://vtex.vtexassets.com/_v/public/typings/v1/vtex.store-icons@0.18.0/public/@types/vtex.store-icons#0ee94d549aa283ce3a13ab987c13eac4fdfd1bba"

"vtex.store-image@http://vtex.vtexassets.com/_v/public/typings/v1/vtex.store-image@0.20.0/public/@types/vtex.store-image":
  version "0.20.0"
  resolved "http://vtex.vtexassets.com/_v/public/typings/v1/vtex.store-image@0.20.0/public/@types/vtex.store-image#c0b627efa82e3e224b1ed48416836213fb204952"

"vtex.store-link@http://vtex.vtexassets.com/_v/public/typings/v1/vtex.store-link@0.9.3/public/@types/vtex.store-link":
  version "0.9.3"
  resolved "http://vtex.vtexassets.com/_v/public/typings/v1/vtex.store-link@0.9.3/public/@types/vtex.store-link#aedb5f66c1d478bcc14041f6232fa30a912a88fd"

"vtex.store-resources@http://vtex.vtexassets.com/_v/public/typings/v1/vtex.store-resources@0.93.0/public/@types/vtex.store-resources":
  version "0.93.0"
  resolved "http://vtex.vtexassets.com/_v/public/typings/v1/vtex.store-resources@0.93.0/public/@types/vtex.store-resources#f7d82498aa2871d25df89c54f8fff2f5a7ac22f7"

"vtex.store@http://vtex.vtexassets.com/_v/public/typings/v1/vtex.store@2.133.0/public/@types/vtex.store":
  version "2.133.0"
  resolved "http://vtex.vtexassets.com/_v/public/typings/v1/vtex.store@2.133.0/public/@types/vtex.store#5eaa32140d92aab869d65cf2936a7955c35fb3f2"

"vtex.styleguide@http://vtex.vtexassets.com/_v/public/typings/v1/vtex.styleguide@9.146.9/public/@types/vtex.styleguide":
  version "9.146.9"
  resolved "http://vtex.vtexassets.com/_v/public/typings/v1/vtex.styleguide@9.146.9/public/@types/vtex.styleguide#d1601fedfb665c6173334753171717da64e670bc"

"vtex.tab-layout@http://vtex.vtexassets.com/_v/public/typings/v1/vtex.tab-layout@0.4.5/public/@types/vtex.tab-layout":
  version "0.4.5"
  resolved "http://vtex.vtexassets.com/_v/public/typings/v1/vtex.tab-layout@0.4.5/public/@types/vtex.tab-layout#22fbcc5421316d46bfa6dff8fa771d2e6933cf74"

"vtex.telemarketing@http://vtex.vtexassets.com/_v/public/typings/v1/vtex.telemarketing@2.12.1/public/@types/vtex.telemarketing":
  version "2.12.1"
  resolved "http://vtex.vtexassets.com/_v/public/typings/v1/vtex.telemarketing@2.12.1/public/@types/vtex.telemarketing#0b43598b66598b4085af04268140ea8a8d84e263"
